
Microsoft Visual Studio Solution File, Format Version 12.00
# Visual Studio Version 16
VisualStudioVersion = 16.0.30309.148
MinimumVisualStudioVersion = 10.0.40219.1
Project("{8BC9CEB8-8B4A-11D0-8D11-00A0C91BC942}") = "OpenGL", "OpenGL.vcxproj", "{1E1B927D-0D3A-4EBD-9119-56502532D44C}"
EndProject
Global
	GlobalSection(SolutionConfigurationPlatforms) = preSolution
		Debug|x64 = Debug|x64
		Debug|x86 = Debug|x86
		Release|x64 = Release|x64
		Release|x86 = Release|x86
	EndGlobalSection
	GlobalSection(ProjectConfigurationPlatforms) = postSolution
		{1E1B927D-0D3A-4EBD-9119-56502532D44C}.Debug|x64.ActiveCfg = Debug|x64
		{1E1B927D-0D3A-4EBD-9119-56502532D44C}.Debug|x64.Build.0 = Debug|x64
		{1E1B927D-0D3A-4EBD-9119-56502532D44C}.Debug|x86.ActiveCfg = Debug|Win32
		{1E1B927D-0D3A-4EBD-9119-56502532D44C}.Debug|x86.Build.0 = Debug|Win32
		{1E1B927D-0D3A-4EBD-9119-56502532D44C}.Release|x64.ActiveCfg = Release|x64
		{1E1B927D-0D3A-4EBD-9119-56502532D44C}.Release|x64.Build.0 = Release|x64
		{1E1B927D-0D3A-4EBD-9119-56502532D44C}.Release|x86.ActiveCfg = Release|Win32
		{1E1B927D-0D3A-4EBD-9119-56502532D44C}.Release|x86.Build.0 = Release|Win32
	EndGlobalSection
	GlobalSection(SolutionProperties) = preSolution
		HideSolutionNode = FALSE
	EndGlobalSection
	GlobalSection(ExtensibilityGlobals) = postSolution
		SolutionGuid = {E2A8BF8D-A0B3-4266-AC17-D2973CC468FC}
	EndGlobalSection
EndGlobal
